
Microsoft Visual Studio Solution File, Format Version 12.00
# Visual Studio Version 17
VisualStudioVersion = 17.13.35825.156
MinimumVisualStudioVersion = 10.0.40219.1
Project("{FAE04EC0-301F-11D3-BF4B-00C04F79EFBC}") = "Library GPNTB", "Library GPNTB\Library GPNTB.csproj", "{12922B06-D377-464F-9792-87F5D765082F}"
EndProject
Project("{FAE04EC0-301F-11D3-BF4B-00C04F79EFBC}") = "Unit Test Project", "Unit Test Project\Unit Test Project.csproj", "{333634C3-8954-45A1-A866-D9A53E741DB9}"
EndProject
Global
	GlobalSection(SolutionConfigurationPlatforms) = preSolution
		Debug|Any CPU = Debug|Any CPU
		Release|Any CPU = Release|Any CPU
	EndGlobalSection
	GlobalSection(ProjectConfigurationPlatforms) = postSolution
		{12922B06-D377-464F-9792-87F5D765082F}.Debug|Any CPU.ActiveCfg = Debug|Any CPU
		{12922B06-D377-464F-9792-87F5D765082F}.Debug|Any CPU.Build.0 = Debug|Any CPU
		{12922B06-D377-464F-9792-87F5D765082F}.Release|Any CPU.ActiveCfg = Release|Any CPU
		{12922B06-D377-464F-9792-87F5D765082F}.Release|Any CPU.Build.0 = Release|Any CPU
		{333634C3-8954-45A1-A866-D9A53E741DB9}.Debug|Any CPU.ActiveCfg = Debug|Any CPU
		{333634C3-8954-45A1-A866-D9A53E741DB9}.Debug|Any CPU.Build.0 = Debug|Any CPU
		{333634C3-8954-45A1-A866-D9A53E741DB9}.Release|Any CPU.ActiveCfg = Release|Any CPU
		{333634C3-8954-45A1-A866-D9A53E741DB9}.Release|Any CPU.Build.0 = Release|Any CPU
	EndGlobalSection
	GlobalSection(SolutionProperties) = preSolution
		HideSolutionNode = FALSE
	EndGlobalSection
	GlobalSection(ExtensibilityGlobals) = postSolution
		SolutionGuid = {5D084BFD-0C5E-4978-AA75-BE3C359CD9D2}
	EndGlobalSection
EndGlobal
